
Microsoft Visual Studio Solution File, Format Version 12.00
# Visual Studio Version 17
VisualStudioVersion = 17.12.35707.178
MinimumVisualStudioVersion = 10.0.40219.1
Project("{FAE04EC0-301F-11D3-BF4B-00C04F79EFBC}") = "User.Management.API", "User.Management.API.csproj", "{D8744DF0-62F3-4050-A50B-DC067381B4D8}"
EndProject
Project("{FAE04EC0-301F-11D3-BF4B-00C04F79EFBC}") = "User.Management.Service", "..\User.Management.Service\User.Management.Service.csproj", "{5EEAF874-90B8-4691-A3E9-2F87F3C34C90}"
EndProject
Global
	GlobalSection(SolutionConfigurationPlatforms) = preSolution
		Debug|Any CPU = Debug|Any CPU
		Release|Any CPU = Release|Any CPU
	EndGlobalSection
	GlobalSection(ProjectConfigurationPlatforms) = postSolution
		{D8744DF0-62F3-4050-A50B-DC067381B4D8}.Debug|Any CPU.ActiveCfg = Debug|Any CPU
		{D8744DF0-62F3-4050-A50B-DC067381B4D8}.Debug|Any CPU.Build.0 = Debug|Any CPU
		{D8744DF0-62F3-4050-A50B-DC067381B4D8}.Release|Any CPU.ActiveCfg = Release|Any CPU
		{D8744DF0-62F3-4050-A50B-DC067381B4D8}.Release|Any CPU.Build.0 = Release|Any CPU
		{5EEAF874-90B8-4691-A3E9-2F87F3C34C90}.Debug|Any CPU.ActiveCfg = Debug|Any CPU
		{5EEAF874-90B8-4691-A3E9-2F87F3C34C90}.Debug|Any CPU.Build.0 = Debug|Any CPU
		{5EEAF874-90B8-4691-A3E9-2F87F3C34C90}.Release|Any CPU.ActiveCfg = Release|Any CPU
		{5EEAF874-90B8-4691-A3E9-2F87F3C34C90}.Release|Any CPU.Build.0 = Release|Any CPU
	EndGlobalSection
	GlobalSection(SolutionProperties) = preSolution
		HideSolutionNode = FALSE
	EndGlobalSection
EndGlobal
